
Microsoft Visual Studio Solution File, Format Version 12.00
# Visual Studio 14
VisualStudioVersion = 14.0.25420.1
MinimumVisualStudioVersion = 10.0.40219.1
Project("{8BC9CEB8-8B4A-11D0-8D11-00A0C91BC942}") = "BallTestWindowsConsole", "BallTestWindows.vcxproj", "{B6598C29-B9AF-4D6F-AB36-05016EFF1690}"
	ProjectSection(ProjectDependencies) = postProject
		{CE87BA5A-9702-488D-B351-84DF10176776} = {CE87BA5A-9702-488D-B351-84DF10176776}
		{3E115A9B-9B63-473A-BA4A-4524887B02D1} = {3E115A9B-9B63-473A-BA4A-4524887B02D1}
		{3A2CF9B7-1E0F-4BBD-8D30-AA3486E543AB} = {3A2CF9B7-1E0F-4BBD-8D30-AA3486E543AB}
	EndProjectSection
EndProject
Project("{8BC9CEB8-8B4A-11D0-8D11-00A0C91BC942}") = "KEngineWindows", "..\KEngineWindows\KEngineWindows.vcxproj", "{3E115A9B-9B63-473A-BA4A-4524887B02D1}"
	ProjectSection(ProjectDependencies) = postProject
		{CE87BA5A-9702-488D-B351-84DF10176776} = {CE87BA5A-9702-488D-B351-84DF10176776}
		{3A2CF9B7-1E0F-4BBD-8D30-AA3486E543AB} = {3A2CF9B7-1E0F-4BBD-8D30-AA3486E543AB}
	EndProjectSection
EndProject
Project("{8BC9CEB8-8B4A-11D0-8D11-00A0C91BC942}") = "KEngine2D", "..\KEngine2D\KEngine2D.vcxproj", "{CE87BA5A-9702-488D-B351-84DF10176776}"
	ProjectSection(ProjectDependencies) = postProject
		{3A2CF9B7-1E0F-4BBD-8D30-AA3486E543AB} = {3A2CF9B7-1E0F-4BBD-8D30-AA3486E543AB}
	EndProjectSection
EndProject
Project("{8BC9CEB8-8B4A-11D0-8D11-00A0C91BC942}") = "KEngineCore", "..\KEngineCore\KEngineCore.vcxproj", "{3A2CF9B7-1E0F-4BBD-8D30-AA3486E543AB}"
	ProjectSection(ProjectDependencies) = postProject
		{162D249D-152E-42AD-9D7C-FC40CA25705B} = {162D249D-152E-42AD-9D7C-FC40CA25705B}
	EndProjectSection
EndProject
Project("{8BC9CEB8-8B4A-11D0-8D11-00A0C91BC942}") = "Lua", "..\KEngineCore\Lua\Lua.vcxproj", "{162D249D-152E-42AD-9D7C-FC40CA25705B}"
EndProject
Project("{8BC9CEB8-8B4A-11D0-8D11-00A0C91BC942}") = "BallTestOpenGL", "..\BallTestOpenGL\BallTestOpenGL.vcxproj", "{0EDFE6C1-8C29-42B9-B967-CAFAB8859460}"
	ProjectSection(ProjectDependencies) = postProject
		{664E6F0D-6784-4760-9565-D54F8EB1EDF4} = {664E6F0D-6784-4760-9565-D54F8EB1EDF4}
		{CE87BA5A-9702-488D-B351-84DF10176776} = {CE87BA5A-9702-488D-B351-84DF10176776}
		{162D249D-152E-42AD-9D7C-FC40CA25705B} = {162D249D-152E-42AD-9D7C-FC40CA25705B}
		{3A2CF9B7-1E0F-4BBD-8D30-AA3486E543AB} = {3A2CF9B7-1E0F-4BBD-8D30-AA3486E543AB}
		{04A2F0DD-9CB1-40BC-86B5-A8147B1D3132} = {04A2F0DD-9CB1-40BC-86B5-A8147B1D3132}
	EndProjectSection
EndProject
Project("{8BC9CEB8-8B4A-11D0-8D11-00A0C91BC942}") = "KEngineOpenGL", "..\KEngineOpenGL\KEngineOpenGL.vcxproj", "{04A2F0DD-9CB1-40BC-86B5-A8147B1D3132}"
	ProjectSection(ProjectDependencies) = postProject
		{664E6F0D-6784-4760-9565-D54F8EB1EDF4} = {664E6F0D-6784-4760-9565-D54F8EB1EDF4}
		{CE87BA5A-9702-488D-B351-84DF10176776} = {CE87BA5A-9702-488D-B351-84DF10176776}
		{C32FB2B4-500C-43CD-A099-EECCE079D3F1} = {C32FB2B4-500C-43CD-A099-EECCE079D3F1}
		{3A2CF9B7-1E0F-4BBD-8D30-AA3486E543AB} = {3A2CF9B7-1E0F-4BBD-8D30-AA3486E543AB}
	EndProjectSection
EndProject
Project("{8BC9CEB8-8B4A-11D0-8D11-00A0C91BC942}") = "glew_static", "..\KEngineOpenGL\glew-2.1.0\build\vc12\glew_static.vcxproj", "{664E6F0D-6784-4760-9565-D54F8EB1EDF4}"
EndProject
Project("{8BC9CEB8-8B4A-11D0-8D11-00A0C91BC942}") = "SOIL", "..\KEngineOpenGL\SOIL\SOIL.vcxproj", "{C32FB2B4-500C-43CD-A099-EECCE079D3F1}"
EndProject
Project("{8BC9CEB8-8B4A-11D0-8D11-00A0C91BC942}") = "Box2D", "..\KEngineBox2D\Box2D.vcxproj", "{140CCD77-24A5-4204-A36E-6CABDE8D4047}"
EndProject
Project("{8BC9CEB8-8B4A-11D0-8D11-00A0C91BC942}") = "KEngineBox2D", "..\KEngineBox2D\KEngineBox2D.vcxproj", "{A25357D6-1594-40C4-B2A4-DCEB07B36734}"
EndProject
Global
	GlobalSection(SolutionConfigurationPlatforms) = preSolution
		Debug|ARM = Debug|ARM
		Debug|Win32 = Debug|Win32
		Debug|x64 = Debug|x64
		Release|ARM = Release|ARM
		Release|Win32 = Release|Win32
		Release|x64 = Release|x64
	EndGlobalSection
	GlobalSection(ProjectConfigurationPlatforms) = postSolution
		{B6598C29-B9AF-4D6F-AB36-05016EFF1690}.Debug|ARM.ActiveCfg = Debug|Win32
		{B6598C29-B9AF-4D6F-AB36-05016EFF1690}.Debug|Win32.ActiveCfg = Debug|Win32
		{B6598C29-B9AF-4D6F-AB36-05016EFF1690}.Debug|Win32.Build.0 = Debug|Win32
		{B6598C29-B9AF-4D6F-AB36-05016EFF1690}.Debug|x64.ActiveCfg = Debug|Win32
		{B6598C29-B9AF-4D6F-AB36-05016EFF1690}.Release|ARM.ActiveCfg = Release|Win32
		{B6598C29-B9AF-4D6F-AB36-05016EFF1690}.Release|Win32.ActiveCfg = Release|Win32
		{B6598C29-B9AF-4D6F-AB36-05016EFF1690}.Release|Win32.Build.0 = Release|Win32
		{B6598C29-B9AF-4D6F-AB36-05016EFF1690}.Release|x64.ActiveCfg = Release|Win32
		{3E115A9B-9B63-473A-BA4A-4524887B02D1}.Debug|ARM.ActiveCfg = Debug|Win32
		{3E115A9B-9B63-473A-BA4A-4524887B02D1}.Debug|Win32.ActiveCfg = Debug|Win32
		{3E115A9B-9B63-473A-BA4A-4524887B02D1}.Debug|Win32.Build.0 = Debug|Win32
		{3E115A9B-9B63-473A-BA4A-4524887B02D1}.Debug|x64.ActiveCfg = Debug|Win32
		{3E115A9B-9B63-473A-BA4A-4524887B02D1}.Release|ARM.ActiveCfg = Release|Win32
		{3E115A9B-9B63-473A-BA4A-4524887B02D1}.Release|Win32.ActiveCfg = Release|Win32
		{3E115A9B-9B63-473A-BA4A-4524887B02D1}.Release|Win32.Build.0 = Release|Win32
		{3E115A9B-9B63-473A-BA4A-4524887B02D1}.Release|x64.ActiveCfg = Release|Win32
		{CE87BA5A-9702-488D-B351-84DF10176776}.Debug|ARM.ActiveCfg = Debug|Win32
		{CE87BA5A-9702-488D-B351-84DF10176776}.Debug|Win32.ActiveCfg = Debug|Win32
		{CE87BA5A-9702-488D-B351-84DF10176776}.Debug|Win32.Build.0 = Debug|Win32
		{CE87BA5A-9702-488D-B351-84DF10176776}.Debug|x64.ActiveCfg = Debug|Win32
		{CE87BA5A-9702-488D-B351-84DF10176776}.Release|ARM.ActiveCfg = Release|Win32
		{CE87BA5A-9702-488D-B351-84DF10176776}.Release|Win32.ActiveCfg = Release|Win32
		{CE87BA5A-9702-488D-B351-84DF10176776}.Release|Win32.Build.0 = Release|Win32
		{CE87BA5A-9702-488D-B351-84DF10176776}.Release|x64.ActiveCfg = Release|Win32
		{3A2CF9B7-1E0F-4BBD-8D30-AA3486E543AB}.Debug|ARM.ActiveCfg = Debug|Win32
		{3A2CF9B7-1E0F-4BBD-8D30-AA3486E543AB}.Debug|Win32.ActiveCfg = Debug|Win32
		{3A2CF9B7-1E0F-4BBD-8D30-AA3486E543AB}.Debug|Win32.Build.0 = Debug|Win32
		{3A2CF9B7-1E0F-4BBD-8D30-AA3486E543AB}.Debug|x64.ActiveCfg = Debug|Win32
		{3A2CF9B7-1E0F-4BBD-8D30-AA3486E543AB}.Release|ARM.ActiveCfg = Release|Win32
		{3A2CF9B7-1E0F-4BBD-8D30-AA3486E543AB}.Release|Win32.ActiveCfg = Release|Win32
		{3A2CF9B7-1E0F-4BBD-8D30-AA3486E543AB}.Release|Win32.Build.0 = Release|Win32
		{3A2CF9B7-1E0F-4BBD-8D30-AA3486E543AB}.Release|x64.ActiveCfg = Release|Win32
		{162D249D-152E-42AD-9D7C-FC40CA25705B}.Debug|ARM.ActiveCfg = Debug|Win32
		{162D249D-152E-42AD-9D7C-FC40CA25705B}.Debug|Win32.ActiveCfg = Debug|Win32
		{162D249D-152E-42AD-9D7C-FC40CA25705B}.Debug|Win32.Build.0 = Debug|Win32
		{162D249D-152E-42AD-9D7C-FC40CA25705B}.Debug|x64.ActiveCfg = Debug|Win32
		{162D249D-152E-42AD-9D7C-FC40CA25705B}.Release|ARM.ActiveCfg = Release|Win32
		{162D249D-152E-42AD-9D7C-FC40CA25705B}.Release|Win32.ActiveCfg = Release|Win32
		{162D249D-152E-42AD-9D7C-FC40CA25705B}.Release|Win32.Build.0 = Release|Win32
		{162D249D-152E-42AD-9D7C-FC40CA25705B}.Release|x64.ActiveCfg = Release|Win32
		{0EDFE6C1-8C29-42B9-B967-CAFAB8859460}.Debug|ARM.ActiveCfg = Debug|Win32
		{0EDFE6C1-8C29-42B9-B967-CAFAB8859460}.Debug|Win32.ActiveCfg = Debug|Win32
		{0EDFE6C1-8C29-42B9-B967-CAFAB8859460}.Debug|Win32.Build.0 = Debug|Win32
		{0EDFE6C1-8C29-42B9-B967-CAFAB8859460}.Debug|x64.ActiveCfg = Debug|x64
		{0EDFE6C1-8C29-42B9-B967-CAFAB8859460}.Debug|x64.Build.0 = Debug|x64
		{0EDFE6C1-8C29-42B9-B967-CAFAB8859460}.Release|ARM.ActiveCfg = Release|Win32
		{0EDFE6C1-8C29-42B9-B967-CAFAB8859460}.Release|Win32.ActiveCfg = Release|Win32
		{0EDFE6C1-8C29-42B9-B967-CAFAB8859460}.Release|Win32.Build.0 = Release|Win32
		{0EDFE6C1-8C29-42B9-B967-CAFAB8859460}.Release|x64.ActiveCfg = Release|x64
		{0EDFE6C1-8C29-42B9-B967-CAFAB8859460}.Release|x64.Build.0 = Release|x64
		{04A2F0DD-9CB1-40BC-86B5-A8147B1D3132}.Debug|ARM.ActiveCfg = Debug|Win32
		{04A2F0DD-9CB1-40BC-86B5-A8147B1D3132}.Debug|Win32.ActiveCfg = Debug|Win32
		{04A2F0DD-9CB1-40BC-86B5-A8147B1D3132}.Debug|Win32.Build.0 = Debug|Win32
		{04A2F0DD-9CB1-40BC-86B5-A8147B1D3132}.Debug|x64.ActiveCfg = Debug|x64
		{04A2F0DD-9CB1-40BC-86B5-A8147B1D3132}.Debug|x64.Build.0 = Debug|x64
		{04A2F0DD-9CB1-40BC-86B5-A8147B1D3132}.Release|ARM.ActiveCfg = Release|Win32
		{04A2F0DD-9CB1-40BC-86B5-A8147B1D3132}.Release|Win32.ActiveCfg = Release|Win32
		{04A2F0DD-9CB1-40BC-86B5-A8147B1D3132}.Release|Win32.Build.0 = Release|Win32
		{04A2F0DD-9CB1-40BC-86B5-A8147B1D3132}.Release|x64.ActiveCfg = Release|x64
		{04A2F0DD-9CB1-40BC-86B5-A8147B1D3132}.Release|x64.Build.0 = Release|x64
		{664E6F0D-6784-4760-9565-D54F8EB1EDF4}.Debug|ARM.ActiveCfg = Debug|Win32
		{664E6F0D-6784-4760-9565-D54F8EB1EDF4}.Debug|Win32.ActiveCfg = Debug|Win32
		{664E6F0D-6784-4760-9565-D54F8EB1EDF4}.Debug|Win32.Build.0 = Debug|Win32
		{664E6F0D-6784-4760-9565-D54F8EB1EDF4}.Debug|x64.ActiveCfg = Debug|x64
		{664E6F0D-6784-4760-9565-D54F8EB1EDF4}.Debug|x64.Build.0 = Debug|x64
		{664E6F0D-6784-4760-9565-D54F8EB1EDF4}.Release|ARM.ActiveCfg = Release|Win32
		{664E6F0D-6784-4760-9565-D54F8EB1EDF4}.Release|Win32.ActiveCfg = Release|Win32
		{664E6F0D-6784-4760-9565-D54F8EB1EDF4}.Release|Win32.Build.0 = Release|Win32
		{664E6F0D-6784-4760-9565-D54F8EB1EDF4}.Release|x64.ActiveCfg = Release|x64
		{664E6F0D-6784-4760-9565-D54F8EB1EDF4}.Release|x64.Build.0 = Release|x64
		{C32FB2B4-500C-43CD-A099-EECCE079D3F1}.Debug|ARM.ActiveCfg = Debug|Win32
		{C32FB2B4-500C-43CD-A099-EECCE079D3F1}.Debug|Win32.ActiveCfg = Debug|Win32
		{C32FB2B4-500C-43CD-A099-EECCE079D3F1}.Debug|Win32.Build.0 = Debug|Win32
		{C32FB2B4-500C-43CD-A099-EECCE079D3F1}.Debug|x64.ActiveCfg = Debug|x64
		{C32FB2B4-500C-43CD-A099-EECCE079D3F1}.Debug|x64.Build.0 = Debug|x64
		{C32FB2B4-500C-43CD-A099-EECCE079D3F1}.Release|ARM.ActiveCfg = Release|Win32
		{C32FB2B4-500C-43CD-A099-EECCE079D3F1}.Release|Win32.ActiveCfg = Release|Win32
		{C32FB2B4-500C-43CD-A099-EECCE079D3F1}.Release|Win32.Build.0 = Release|Win32
		{C32FB2B4-500C-43CD-A099-EECCE079D3F1}.Release|x64.ActiveCfg = Release|x64
		{C32FB2B4-500C-43CD-A099-EECCE079D3F1}.Release|x64.Build.0 = Release|x64
		{140CCD77-24A5-4204-A36E-6CABDE8D4047}.Debug|ARM.ActiveCfg = Debug|Win32
		{140CCD77-24A5-4204-A36E-6CABDE8D4047}.Debug|Win32.ActiveCfg = Debug|Win32
		{140CCD77-24A5-4204-A36E-6CABDE8D4047}.Debug|Win32.Build.0 = Debug|Win32
		{140CCD77-24A5-4204-A36E-6CABDE8D4047}.Debug|x64.ActiveCfg = Debug|x64
		{140CCD77-24A5-4204-A36E-6CABDE8D4047}.Debug|x64.Build.0 = Debug|x64
		{140CCD77-24A5-4204-A36E-6CABDE8D4047}.Release|ARM.ActiveCfg = Release|Win32
		{140CCD77-24A5-4204-A36E-6CABDE8D4047}.Release|Win32.ActiveCfg = Release|Win32
		{140CCD77-24A5-4204-A36E-6CABDE8D4047}.Release|Win32.Build.0 = Release|Win32
		{140CCD77-24A5-4204-A36E-6CABDE8D4047}.Release|x64.ActiveCfg = Release|x64
		{140CCD77-24A5-4204-A36E-6CABDE8D4047}.Release|x64.Build.0 = Release|x64
		{A25357D6-1594-40C4-B2A4-DCEB07B36734}.Debug|ARM.ActiveCfg = Debug|Win32
		{A25357D6-1594-40C4-B2A4-DCEB07B36734}.Debug|Win32.ActiveCfg = Debug|Win32
		{A25357D6-1594-40C4-B2A4-DCEB07B36734}.Debug|Win32.Build.0 = Debug|Win32
		{A25357D6-1594-40C4-B2A4-DCEB07B36734}.Debug|x64.ActiveCfg = Debug|x64
		{A25357D6-1594-40C4-B2A4-DCEB07B36734}.Debug|x64.Build.0 = Debug|x64
		{A25357D6-1594-40C4-B2A4-DCEB07B36734}.Release|ARM.ActiveCfg = Release|Win32
		{A25357D6-1594-40C4-B2A4-DCEB07B36734}.Release|Win32.ActiveCfg = Release|Win32
		{A25357D6-1594-40C4-B2A4-DCEB07B36734}.Release|Win32.Build.0 = Release|Win32
		{A25357D6-1594-40C4-B2A4-DCEB07B36734}.Release|x64.ActiveCfg = Release|x64
		{A25357D6-1594-40C4-B2A4-DCEB07B36734}.Release|x64.Build.0 = Release|x64
	EndGlobalSection
	GlobalSection(SolutionProperties) = preSolution
		HideSolutionNode = FALSE
	EndGlobalSection
EndGlobal
